
Microsoft Visual Studio Solution File, Format Version 12.00
# Visual Studio 15
VisualStudioVersion = 15.0.28010.2036
MinimumVisualStudioVersion = 10.0.40219.1
Project("{FAE04EC0-301F-11D3-BF4B-00C04F79EFBC}") = "BlazorCosmosDBSQLandMongo.Server", "BlazorCosmosDBSQLandMongo.Server\BlazorCosmosDBSQLandMongo.Server.csproj", "{6B623669-38B1-4444-A4F5-747723BC9595}"
EndProject
Project("{FAE04EC0-301F-11D3-BF4B-00C04F79EFBC}") = "BlazorCosmosDBSQLandMongo.Client", "BlazorCosmosDBSQLandMongo.Client\BlazorCosmosDBSQLandMongo.Client.csproj", "{83B7CA0E-703A-4A4C-8FA1-1145D9104090}"
EndProject
Project("{FAE04EC0-301F-11D3-BF4B-00C04F79EFBC}") = "BlazorCosmosDBSQLandMongo.Shared", "BlazorCosmosDBSQLandMongo.Shared\BlazorCosmosDBSQLandMongo.Shared.csproj", "{D65D4B8F-C3B3-4F1E-B134-9E7C8CF55E95}"
EndProject
Global
	GlobalSection(SolutionConfigurationPlatforms) = preSolution
		Debug|Any CPU = Debug|Any CPU
		Release|Any CPU = Release|Any CPU
	EndGlobalSection
	GlobalSection(ProjectConfigurationPlatforms) = postSolution
		{6B623669-38B1-4444-A4F5-747723BC9595}.Debug|Any CPU.ActiveCfg = Debug|Any CPU
		{6B623669-38B1-4444-A4F5-747723BC9595}.Debug|Any CPU.Build.0 = Debug|Any CPU
		{6B623669-38B1-4444-A4F5-747723BC9595}.Release|Any CPU.ActiveCfg = Release|Any CPU
		{6B623669-38B1-4444-A4F5-747723BC9595}.Release|Any CPU.Build.0 = Release|Any CPU
		{83B7CA0E-703A-4A4C-8FA1-1145D9104090}.Debug|Any CPU.ActiveCfg = Debug|Any CPU
		{83B7CA0E-703A-4A4C-8FA1-1145D9104090}.Debug|Any CPU.Build.0 = Debug|Any CPU
		{83B7CA0E-703A-4A4C-8FA1-1145D9104090}.Release|Any CPU.ActiveCfg = Release|Any CPU
		{83B7CA0E-703A-4A4C-8FA1-1145D9104090}.Release|Any CPU.Build.0 = Release|Any CPU
		{D65D4B8F-C3B3-4F1E-B134-9E7C8CF55E95}.Debug|Any CPU.ActiveCfg = Debug|Any CPU
		{D65D4B8F-C3B3-4F1E-B134-9E7C8CF55E95}.Debug|Any CPU.Build.0 = Debug|Any CPU
		{D65D4B8F-C3B3-4F1E-B134-9E7C8CF55E95}.Release|Any CPU.ActiveCfg = Release|Any CPU
		{D65D4B8F-C3B3-4F1E-B134-9E7C8CF55E95}.Release|Any CPU.Build.0 = Release|Any CPU
	EndGlobalSection
	GlobalSection(SolutionProperties) = preSolution
		HideSolutionNode = FALSE
	EndGlobalSection
	GlobalSection(ExtensibilityGlobals) = postSolution
		SolutionGuid = {75A706DF-B588-4090-979E-F76059EA1DE3}
	EndGlobalSection
EndGlobal
